# @generated by Move, please check-in and do not edit manually.

[move]
version = 3
manifest_digest = "F0BE5E4FCB38B2595E50F931355C5DBB9B2B66B707E0DAF8305FBA45625B8F71"
deps_digest = "F8BBB0CCB2491CA29A3DF03D6F92277A4F3574266507ACD77214D37ECA3F3082"
dependencies = [
  { id = "Sui", name = "Sui" },
]

[[move.package]]
id = "MoveStdlib"
source = { git = "https://github.com/MystenLabs/sui.git", rev = "framework/mainnet", subdir = "crates/sui-framework/packages/move-stdlib" }

[[move.package]]
id = "Sui"
source = { git = "https://github.com/MystenLabs/sui.git", rev = "framework/mainnet", subdir = "crates/sui-framework/packages/sui-framework" }

dependencies = [
  { id = "MoveStdlib", name = "MoveStdlib" },
]

[move.toolchain-version]
compiler-version = "1.37.3"
edition = "2024.beta"
flavor = "sui"

[env]

[env.mainnet]
chain-id = "35834a8a"
original-published-id = "0x9257e52d7a6545900184082fe8ad41cc6f61c3c65c14cd9710357a83bf0e1490"
latest-published-id = "0x9257e52d7a6545900184082fe8ad41cc6f61c3c65c14cd9710357a83bf0e1490"
published-version = "1"

[env.testnet]
chain-id = "4c78adac"
original-published-id = "0x91fdbb215d7a66738eca2980bd88f549c064ede20d632956cbd0f8c9e8bf909c"
latest-published-id = "0x91fdbb215d7a66738eca2980bd88f549c064ede20d632956cbd0f8c9e8bf909c"
published-version = "1"
